
Microsoft Visual Studio Solution File, Format Version 12.00
# Visual Studio Version 17
VisualStudioVersion = 17.3.32819.101
MinimumVisualStudioVersion = 10.0.40219.1
Project("{FAE04EC0-301F-11D3-BF4B-00C04F79EFBC}") = "MasterServer", "MasterServer\MasterServer.csproj", "{28A10E38-8B47-4EF3-A233-2280F2B0BE12}"
EndProject
Global
	GlobalSection(SolutionConfigurationPlatforms) = preSolution
		Debug|Any CPU = Debug|Any CPU
		Release|Any CPU = Release|Any CPU
	EndGlobalSection
	GlobalSection(ProjectConfigurationPlatforms) = postSolution
		{28A10E38-8B47-4EF3-A233-2280F2B0BE12}.Debug|Any CPU.ActiveCfg = Debug|Any CPU
		{28A10E38-8B47-4EF3-A233-2280F2B0BE12}.Debug|Any CPU.Build.0 = Debug|Any CPU
		{28A10E38-8B47-4EF3-A233-2280F2B0BE12}.Release|Any CPU.ActiveCfg = Release|Any CPU
		{28A10E38-8B47-4EF3-A233-2280F2B0BE12}.Release|Any CPU.Build.0 = Release|Any CPU
	EndGlobalSection
	GlobalSection(SolutionProperties) = preSolution
		HideSolutionNode = FALSE
	EndGlobalSection
	GlobalSection(ExtensibilityGlobals) = postSolution
		SolutionGuid = {F3F592DC-E20D-4A46-8754-3DCBDC786876}
	EndGlobalSection
EndGlobal
